// !$*UTF8*$!
{
	archiveVersion = 1;
	classes = {
	};
	objectVersion = 46;
	objects = {

/* Begin PBXBuildFile section */
		3BE78AC0197DA99600617F1E /* Foundation.framework in Frameworks */ = {isa = PBXBuildFile; fileRef = 3BE78ABF197DA99600617F1E /* Foundation.framework */; };
		3BE78AC2197DA99600617F1E /* CoreGraphics.framework in Frameworks */ = {isa = PBXBuildFile; fileRef = 3BE78AC1197DA99600617F1E /* CoreGraphics.framework */; };
		3BE78AC4197DA99600617F1E /* UIKit.framework in Frameworks */ = {isa = PBXBuildFile; fileRef = 3BE78AC3197DA99600617F1E /* UIKit.framework */; };
		3BE78ACA197DA99600617F1E /* InfoPlist.strings in Resources */ = {isa = PBXBuildFile; fileRef = 3BE78AC8197DA99600617F1E /* InfoPlist.strings */; };
		3BE78ACC197DA99600617F1E /* main.m in Sources */ = {isa = PBXBuildFile; fileRef = 3BE78ACB197DA99600617F1E /* main.m */; };
		3BE78AD0197DA99600617F1E /* AppDelegate.m in Sources */ = {isa = PBXBuildFile; fileRef = 3BE78ACF197DA99600617F1E /* AppDelegate.m */; };
		3BE78AD3197DA99600617F1E /* Main.storyboard in Resources */ = {isa = PBXBuildFile; fileRef = 3BE78AD1197DA99600617F1E /* Main.storyboard */; };
		3BE78AD6197DA99600617F1E /* ViewController.m in Sources */ = {isa = PBXBuildFile; fileRef = 3BE78AD5197DA99600617F1E /* ViewController.m */; };
		3BE78AD8197DA99600617F1E /* Images.xcassets in Resources */ = {isa = PBXBuildFile; fileRef = 3BE78AD7197DA99600617F1E /* Images.xcassets */; };
		3BE78ADF197DA99600617F1E /* XCTest.framework in Frameworks */ = {isa = PBXBuildFile; fileRef = 3BE78ADE197DA99600617F1E /* XCTest.framework */; };
		3BE78AE0197DA99600617F1E /* Foundation.framework in Frameworks */ = {isa = PBXBuildFile; fileRef = 3BE78ABF197DA99600617F1E /* Foundation.framework */; };
		3BE78AE1197DA99600617F1E /* UIKit.framework in Frameworks */ = {isa = PBXBuildFile; fileRef = 3BE78AC3197DA99600617F1E /* UIKit.framework */; };
		3BE78AE9197DA99600617F1E /* InfoPlist.strings in Resources */ = {isa = PBXBuildFile; fileRef = 3BE78AE7197DA99600617F1E /* InfoPlist.strings */; };
		3BE78AEB197DA99600617F1E /* MultiplyTests.m in Sources */ = {isa = PBXBuildFile; fileRef = 3BE78AEA197DA99600617F1E /* MultiplyTests.m */; };
		3BE78AF5197DA9C000617F1E /* CheckMate.framework in Frameworks */ = {isa = PBXBuildFile; fileRef = 3BE78AF4197DA9C000617F1E /* CheckMate.framework */; };
/* End PBXBuildFile section */

/* Begin PBXContainerItemProxy section */
		3BE78AE2197DA99600617F1E /* PBXContainerItemProxy */ = {
			isa = PBXContainerItemProxy;
			containerPortal = 3BE78AB4197DA99600617F1E /* Project object */;
			proxyType = 1;
			remoteGlobalIDString = 3BE78ABB197DA99600617F1E;
			remoteInfo = Multiply;
		};
/* End PBXContainerItemProxy section */

/* Begin PBXFileReference section */
		3BE78ABC197DA99600617F1E /* Multiply.app */ = {isa = PBXFileReference; explicitFileType = wrapper.application; includeInIndex = 0; path = Multiply.app; sourceTree = BUILT_PRODUCTS_DIR; };
		3BE78ABF197DA99600617F1E /* Foundation.framework */ = {isa = PBXFileReference; lastKnownFileType = wrapper.framework; name = Foundation.framework; path = System/Library/Frameworks/Foundation.framework; sourceTree = SDKROOT; };
		3BE78AC1197DA99600617F1E /* CoreGraphics.framework */ = {isa = PBXFileReference; lastKnownFileType = wrapper.framework; name = CoreGraphics.framework; path = System/Library/Frameworks/CoreGraphics.framework; sourceTree = SDKROOT; };
		3BE78AC3197DA99600617F1E /* UIKit.framework */ = {isa = PBXFileReference; lastKnownFileType = wrapper.framework; name = UIKit.framework; path = System/Library/Frameworks/UIKit.framework; sourceTree = SDKROOT; };
		3BE78AC7197DA99600617F1E /* Multiply-Info.plist */ = {isa = PBXFileReference; lastKnownFileType = text.plist.xml; path = "Multiply-Info.plist"; sourceTree = "<group>"; };
		3BE78AC9197DA99600617F1E /* en */ = {isa = PBXFileReference; lastKnownFileType = text.plist.strings; name = en; path = en.lproj/InfoPlist.strings; sourceTree = "<group>"; };
		3BE78ACB197DA99600617F1E /* main.m */ = {isa = PBXFileReference; lastKnownFileType = sourcecode.c.objc; path = main.m; sourceTree = "<group>"; };
		3BE78ACD197DA99600617F1E /* Multiply-Prefix.pch */ = {isa = PBXFileReference; lastKnownFileType = sourcecode.c.h; path = "Multiply-Prefix.pch"; sourceTree = "<group>"; };
		3BE78ACE197DA99600617F1E /* AppDelegate.h */ = {isa = PBXFileReference; lastKnownFileType = sourcecode.c.h; path = AppDelegate.h; sourceTree = "<group>"; };
		3BE78ACF197DA99600617F1E /* AppDelegate.m */ = {isa = PBXFileReference; lastKnownFileType = sourcecode.c.objc; path = AppDelegate.m; sourceTree = "<group>"; };
		3BE78AD2197DA99600617F1E /* Base */ = {isa = PBXFileReference; lastKnownFileType = file.storyboard; name = Base; path = Base.lproj/Main.storyboard; sourceTree = "<group>"; };
		3BE78AD4197DA99600617F1E /* ViewController.h */ = {isa = PBXFileReference; lastKnownFileType = sourcecode.c.h; path = ViewController.h; sourceTree = "<group>"; };
		3BE78AD5197DA99600617F1E /* ViewController.m */ = {isa = PBXFileReference; lastKnownFileType = sourcecode.c.objc; path = ViewController.m; sourceTree = "<group>"; };
		3BE78AD7197DA99600617F1E /* Images.xcassets */ = {isa = PBXFileReference; lastKnownFileType = folder.assetcatalog; path = Images.xcassets; sourceTree = "<group>"; };
		3BE78ADD197DA99600617F1E /* MultiplyTests.xctest */ = {isa = PBXFileReference; explicitFileType = wrapper.cfbundle; includeInIndex = 0; path = MultiplyTests.xctest; sourceTree = BUILT_PRODUCTS_DIR; };
		3BE78ADE197DA99600617F1E /* XCTest.framework */ = {isa = PBXFileReference; lastKnownFileType = wrapper.framework; name = XCTest.framework; path = Library/Frameworks/XCTest.framework; sourceTree = DEVELOPER_DIR; };
		3BE78AE6197DA99600617F1E /* MultiplyTests-Info.plist */ = {isa = PBXFileReference; lastKnownFileType = text.plist.xml; path = "MultiplyTests-Info.plist"; sourceTree = "<group>"; };
		3BE78AE8197DA99600617F1E /* en */ = {isa = PBXFileReference; lastKnownFileType = text.plist.strings; name = en; path = en.lproj/InfoPlist.strings; sourceTree = "<group>"; };
		3BE78AEA197DA99600617F1E /* MultiplyTests.m */ = {isa = PBXFileReference; lastKnownFileType = sourcecode.c.objc; path = MultiplyTests.m; sourceTree = "<group>"; };
		3BE78AF4197DA9C000617F1E /* CheckMate.framework */ = {isa = PBXFileReference; lastKnownFileType = wrapper.framework; path = CheckMate.framework; sourceTree = "<group>"; };
/* End PBXFileReference section */

/* Begin PBXFrameworksBuildPhase section */
		3BE78AB9197DA99600617F1E /* Frameworks */ = {
			isa = PBXFrameworksBuildPhase;
			buildActionMask = 2147483647;
			files = (
				3BE78AF5197DA9C000617F1E /* CheckMate.framework in Frameworks */,
				3BE78AC2197DA99600617F1E /* CoreGraphics.framework in Frameworks */,
				3BE78AC4197DA99600617F1E /* UIKit.framework in Frameworks */,
				3BE78AC0197DA99600617F1E /* Foundation.framework in Frameworks */,
			);
			runOnlyForDeploymentPostprocessing = 0;
		};
		3BE78ADA197DA99600617F1E /* Frameworks */ = {
			isa = PBXFrameworksBuildPhase;
			buildActionMask = 2147483647;
			files = (
				3BE78ADF197DA99600617F1E /* XCTest.framework in Frameworks */,
				3BE78AE1197DA99600617F1E /* UIKit.framework in Frameworks */,
				3BE78AE0197DA99600617F1E /* Foundation.framework in Frameworks */,
			);
			runOnlyForDeploymentPostprocessing = 0;
		};
/* End PBXFrameworksBuildPhase section */

/* Begin PBXGroup section */
		3BE78AB3197DA99600617F1E = {
			isa = PBXGroup;
			children = (
				3BE78AC5197DA99600617F1E /* Multiply */,
				3BE78AE4197DA99600617F1E /* MultiplyTests */,
				3BE78ABE197DA99600617F1E /* Frameworks */,
				3BE78ABD197DA99600617F1E /* Products */,
			);
			sourceTree = "<group>";
		};
		3BE78ABD197DA99600617F1E /* Products */ = {
			isa = PBXGroup;
			children = (
				3BE78ABC197DA99600617F1E /* Multiply.app */,
				3BE78ADD197DA99600617F1E /* MultiplyTests.xctest */,
			);
			name = Products;
			sourceTree = "<group>";
		};
		3BE78ABE197DA99600617F1E /* Frameworks */ = {
			isa = PBXGroup;
			children = (
				3BE78AF4197DA9C000617F1E /* CheckMate.framework */,
				3BE78ABF197DA99600617F1E /* Foundation.framework */,
				3BE78AC1197DA99600617F1E /* CoreGraphics.framework */,
				3BE78AC3197DA99600617F1E /* UIKit.framework */,
				3BE78ADE197DA99600617F1E /* XCTest.framework */,
			);
			name = Frameworks;
			sourceTree = "<group>";
		};
		3BE78AC5197DA99600617F1E /* Multiply */ = {
			isa = PBXGroup;
			children = (
				3BE78ACE197DA99600617F1E /* AppDelegate.h */,
				3BE78ACF197DA99600617F1E /* AppDelegate.m */,
				3BE78AD1197DA99600617F1E /* Main.storyboard */,
				3BE78AD4197DA99600617F1E /* ViewController.h */,
				3BE78AD5197DA99600617F1E /* ViewController.m */,
				3BE78AD7197DA99600617F1E /* Images.xcassets */,
				3BE78AC6197DA99600617F1E /* Supporting Files */,
			);
			path = Multiply;
			sourceTree = "<group>";
		};
		3BE78AC6197DA99600617F1E /* Supporting Files */ = {
			isa = PBXGroup;
			children = (
				3BE78AC7197DA99600617F1E /* Multiply-Info.plist */,
				3BE78AC8197DA99600617F1E /* InfoPlist.strings */,
				3BE78ACB197DA99600617F1E /* main.m */,
				3BE78ACD197DA99600617F1E /* Multiply-Prefix.pch */,
			);
			name = "Supporting Files";
			sourceTree = "<group>";
		};
		3BE78AE4197DA99600617F1E /* MultiplyTests */ = {
			isa = PBXGroup;
			children = (
				3BE78AEA197DA99600617F1E /* MultiplyTests.m */,
				3BE78AE5197DA99600617F1E /* Supporting Files */,
			);
			path = MultiplyTests;
			sourceTree = "<group>";
		};
		3BE78AE5197DA99600617F1E /* Supporting Files */ = {
			isa = PBXGroup;
			children = (
				3BE78AE6197DA99600617F1E /* MultiplyTests-Info.plist */,
				3BE78AE7197DA99600617F1E /* InfoPlist.strings */,
			);
			name = "Supporting Files";
			sourceTree = "<group>";
		};
/* End PBXGroup section */

/* Begin PBXNativeTarget section */
		3BE78ABB197DA99600617F1E /* Multiply */ = {
			isa = PBXNativeTarget;
			buildConfigurationList = 3BE78AEE197DA99600617F1E /* Build configuration list for PBXNativeTarget "Multiply" */;
			buildPhases = (
				3BE78AB8197DA99600617F1E /* Sources */,
				3BE78AB9197DA99600617F1E /* Frameworks */,
				3BE78ABA197DA99600617F1E /* Resources */,
			);
			buildRules = (
			);
			dependencies = (
			);
			name = Multiply;
			productName = Multiply;
			productReference = 3BE78ABC197DA99600617F1E /* Multiply.app */;
			productType = "com.apple.product-type.application";
		};
		3BE78ADC197DA99600617F1E /* MultiplyTests */ = {
			isa = PBXNativeTarget;
			buildConfigurationList = 3BE78AF1197DA99600617F1E /* Build configuration list for PBXNativeTarget "MultiplyTests" */;
			buildPhases = (
				3BE78AD9197DA99600617F1E /* Sources */,
				3BE78ADA197DA99600617F1E /* Frameworks */,
				3BE78ADB197DA99600617F1E /* Resources */,
			);
			buildRules = (
			);
			dependencies = (
				3BE78AE3197DA99600617F1E /* PBXTargetDependency */,
			);
			name = MultiplyTests;
			productName = MultiplyTests;
			productReference = 3BE78ADD197DA99600617F1E /* MultiplyTests.xctest */;
			productType = "com.apple.product-type.bundle.unit-test";
		};
/* End PBXNativeTarget section */

/* Begin PBXProject section */
		3BE78AB4197DA99600617F1E /* Project object */ = {
			isa = PBXProject;
			attributes = {
				LastUpgradeCheck = 0510;
				ORGANIZATIONNAME = Globant;
				TargetAttributes = {
					3BE78ADC197DA99600617F1E = {
						TestTargetID = 3BE78ABB197DA99600617F1E;
					};
				};
			};
			buildConfigurationList = 3BE78AB7197DA99600617F1E /* Build configuration list for PBXProject "Multiply" */;
			compatibilityVersion = "Xcode 3.2";
			developmentRegion = English;
			hasScannedForEncodings = 0;
			knownRegions = (
				en,
				Base,
			);
			mainGroup = 3BE78AB3197DA99600617F1E;
			productRefGroup = 3BE78ABD197DA99600617F1E /* Products */;
			projectDirPath = "";
			projectRoot = "";
			targets = (
				3BE78ABB197DA99600617F1E /* Multiply */,
				3BE78ADC197DA99600617F1E /* MultiplyTests */,
			);
		};
/* End PBXProject section */

/* Begin PBXResourcesBuildPhase section */
		3BE78ABA197DA99600617F1E /* Resources */ = {
			isa = PBXResourcesBuildPhase;
			buildActionMask = 2147483647;
			files = (
				3BE78AD8197DA99600617F1E /* Images.xcassets in Resources */,
				3BE78ACA197DA99600617F1E /* InfoPlist.strings in Resources */,
				3BE78AD3197DA99600617F1E /* Main.storyboard in Resources */,
			);
			runOnlyForDeploymentPostprocessing = 0;
		};
		3BE78ADB197DA99600617F1E /* Resources */ = {
			isa = PBXResourcesBuildPhase;
			buildActionMask = 2147483647;
			files = (
				3BE78AE9197DA99600617F1E /* InfoPlist.strings in Resources */,
			);
			runOnlyForDeploymentPostprocessing = 0;
		};
/* End PBXResourcesBuildPhase section */

/* Begin PBXSourcesBuildPhase section */
		3BE78AB8197DA99600617F1E /* Sources */ = {
			isa = PBXSourcesBuildPhase;
			buildActionMask = 2147483647;
			files = (
				3BE78AD6197DA99600617F1E /* ViewController.m in Sources */,
				3BE78AD0197DA99600617F1E /* AppDelegate.m in Sources */,
				3BE78ACC197DA99600617F1E /* main.m in Sources */,
			);
			runOnlyForDeploymentPostprocessing = 0;
		};
		3BE78AD9197DA99600617F1E /* Sources */ = {
			isa = PBXSourcesBuildPhase;
			buildActionMask = 2147483647;
			files = (
				3BE78AEB197DA99600617F1E /* MultiplyTests.m in Sources */,
			);
			runOnlyForDeploymentPostprocessing = 0;
		};
/* End PBXSourcesBuildPhase section */

/* Begin PBXTargetDependency section */
		3BE78AE3197DA99600617F1E /* PBXTargetDependency */ = {
			isa = PBXTargetDependency;
			target = 3BE78ABB197DA99600617F1E /* Multiply */;
			targetProxy = 3BE78AE2197DA99600617F1E /* PBXContainerItemProxy */;
		};
/* End PBXTargetDependency section */

/* Begin PBXVariantGroup section */
		3BE78AC8197DA99600617F1E /* InfoPlist.strings */ = {
			isa = PBXVariantGroup;
			children = (
				3BE78AC9197DA99600617F1E /* en */,
			);
			name = InfoPlist.strings;
			sourceTree = "<group>";
		};
		3BE78AD1197DA99600617F1E /* Main.storyboard */ = {
			isa = PBXVariantGroup;
			children = (
				3BE78AD2197DA99600617F1E /* Base */,
			);
			name = Main.storyboard;
			sourceTree = "<group>";
		};
		3BE78AE7197DA99600617F1E /* InfoPlist.strings */ = {
			isa = PBXVariantGroup;
			children = (
				3BE78AE8197DA99600617F1E /* en */,
			);
			name = InfoPlist.strings;
			sourceTree = "<group>";
		};
/* End PBXVariantGroup section */

/* Begin XCBuildConfiguration section */
		3BE78AEC197DA99600617F1E /* Debug */ = {
			isa = XCBuildConfiguration;
			buildSettings = {
				ALWAYS_SEARCH_USER_PATHS = NO;
				CLANG_CXX_LANGUAGE_STANDARD = "gnu++0x";
				CLANG_CXX_LIBRARY = "libc++";
				CLANG_ENABLE_MODULES = YES;
				CLANG_ENABLE_OBJC_ARC = YES;
				CLANG_WARN_BOOL_CONVERSION = YES;
				CLANG_WARN_CONSTANT_CONVERSION = YES;
				CLANG_WARN_DIRECT_OBJC_ISA_USAGE = YES_ERROR;
				CLANG_WARN_EMPTY_BODY = YES;
				CLANG_WARN_ENUM_CONVERSION = YES;
				CLANG_WARN_INT_CONVERSION = YES;
				CLANG_WARN_OBJC_ROOT_CLASS = YES_ERROR;
				CLANG_WARN__DUPLICATE_METHOD_MATCH = YES;
				"CODE_SIGN_IDENTITY[sdk=iphoneos*]" = "iPhone Developer";
				COPY_PHASE_STRIP = NO;
				GCC_C_LANGUAGE_STANDARD = gnu99;
				GCC_DYNAMIC_NO_PIC = NO;
				GCC_OPTIMIZATION_LEVEL = 0;
				GCC_PREPROCESSOR_DEFINITIONS = (
					"DEBUG=1",
					"$(inherited)",
				);
				GCC_SYMBOLS_PRIVATE_EXTERN = NO;
				GCC_WARN_64_TO_32_BIT_CONVERSION = YES;
				GCC_WARN_ABOUT_RETURN_TYPE = YES_ERROR;
				GCC_WARN_UNDECLARED_SELECTOR = YES;
				GCC_WARN_UNINITIALIZED_AUTOS = YES_AGGRESSIVE;
				GCC_WARN_UNUSED_FUNCTION = YES;
				GCC_WARN_UNUSED_VARIABLE = YES;
				IPHONEOS_DEPLOYMENT_TARGET = 7.1;
				ONLY_ACTIVE_ARCH = YES;
				SDKROOT = iphoneos;
			};
			name = Debug;
		};
		3BE78AED197DA99600617F1E /* Release */ = {
			isa = XCBuildConfiguration;
			buildSettings = {
				ALWAYS_SEARCH_USER_PATHS = NO;
				CLANG_CXX_LANGUAGE_STANDARD = "gnu++0x";
				CLANG_CXX_LIBRARY = "libc++";
				CLANG_ENABLE_MODULES = YES;
				CLANG_ENABLE_OBJC_ARC = YES;
				CLANG_WARN_BOOL_CONVERSION = YES;
				CLANG_WARN_CONSTANT_CONVERSION = YES;
				CLANG_WARN_DIRECT_OBJC_ISA_USAGE = YES_ERROR;
				CLANG_WARN_EMPTY_BODY = YES;
				CLANG_WARN_ENUM_CONVERSION = YES;
				CLANG_WARN_INT_CONVERSION = YES;
				CLANG_WARN_OBJC_ROOT_CLASS = YES_ERROR;
				CLANG_WARN__DUPLICATE_METHOD_MATCH = YES;
				"CODE_SIGN_IDENTITY[sdk=iphoneos*]" = "iPhone Developer";
				COPY_PHASE_STRIP = YES;
				ENABLE_NS_ASSERTIONS = NO;
				GCC_C_LANGUAGE_STANDARD = gnu99;
				GCC_WARN_64_TO_32_BIT_CONVERSION = YES;
				GCC_WARN_ABOUT_RETURN_TYPE = YES_ERROR;
				GCC_WARN_UNDECLARED_SELECTOR = YES;
				GCC_WARN_UNINITIALIZED_AUTOS = YES_AGGRESSIVE;
				GCC_WARN_UNUSED_FUNCTION = YES;
				GCC_WARN_UNUSED_VARIABLE = YES;
				IPHONEOS_DEPLOYMENT_TARGET = 7.1;
				SDKROOT = iphoneos;
				VALIDATE_PRODUCT = YES;
			};
			name = Release;
		};
		3BE78AEF197DA99600617F1E /* Debug */ = {
			isa = XCBuildConfiguration;
			buildSettings = {
				ASSETCATALOG_COMPILER_APPICON_NAME = AppIcon;
				ASSETCATALOG_COMPILER_LAUNCHIMAGE_NAME = LaunchImage;
				FRAMEWORK_SEARCH_PATHS = (
					"$(inherited)",
					"$(PROJECT_DIR)",
				);
				GCC_PRECOMPILE_PREFIX_HEADER = YES;
				GCC_PREFIX_HEADER = "Multiply/Multiply-Prefix.pch";
				INFOPLIST_FILE = "Multiply/Multiply-Info.plist";
				PRODUCT_NAME = "$(TARGET_NAME)";
				WRAPPER_EXTENSION = app;
			};
			name = Debug;
		};
		3BE78AF0197DA99600617F1E /* Release */ = {
			isa = XCBuildConfiguration;
			buildSettings = {
				ASSETCATALOG_COMPILER_APPICON_NAME = AppIcon;
				ASSETCATALOG_COMPILER_LAUNCHIMAGE_NAME = LaunchImage;
				FRAMEWORK_SEARCH_PATHS = (
					"$(inherited)",
					"$(PROJECT_DIR)",
				);
				GCC_PRECOMPILE_PREFIX_HEADER = YES;
				GCC_PREFIX_HEADER = "Multiply/Multiply-Prefix.pch";
				INFOPLIST_FILE = "Multiply/Multiply-Info.plist";
				PRODUCT_NAME = "$(TARGET_NAME)";
				WRAPPER_EXTENSION = app;
			};
			name = Release;
		};
		3BE78AF2197DA99600617F1E /* Debug */ = {
			isa = XCBuildConfiguration;
			buildSettings = {
				BUNDLE_LOADER = "$(BUILT_PRODUCTS_DIR)/Multiply.app/Multiply";
				FRAMEWORK_SEARCH_PATHS = (
					"$(SDKROOT)/Developer/Library/Frameworks",
					"$(inherited)",
					"$(DEVELOPER_FRAMEWORKS_DIR)",
				);
				GCC_PRECOMPILE_PREFIX_HEADER = YES;
				GCC_PREFIX_HEADER = "Multiply/Multiply-Prefix.pch";
				GCC_PREPROCESSOR_DEFINITIONS = (
					"DEBUG=1",
					"$(inherited)",
				);
				INFOPLIST_FILE = "MultiplyTests/MultiplyTests-Info.plist";
				PRODUCT_NAME = "$(TARGET_NAME)";
				TEST_HOST = "$(BUNDLE_LOADER)";
				WRAPPER_EXTENSION = xctest;
			};
			name = Debug;
		};
		3BE78AF3197DA99600617F1E /* Release */ = {
			isa = XCBuildConfiguration;
			buildSettings = {
				BUNDLE_LOADER = "$(BUILT_PRODUCTS_DIR)/Multiply.app/Multiply";
				FRAMEWORK_SEARCH_PATHS = (
					"$(SDKROOT)/Developer/Library/Frameworks",
					"$(inherited)",
					"$(DEVELOPER_FRAMEWORKS_DIR)",
				);
				GCC_PRECOMPILE_PREFIX_HEADER = YES;
				GCC_PREFIX_HEADER = "Multiply/Multiply-Prefix.pch";
				INFOPLIST_FILE = "MultiplyTests/MultiplyTests-Info.plist";
				PRODUCT_NAME = "$(TARGET_NAME)";
				TEST_HOST = "$(BUNDLE_LOADER)";
				WRAPPER_EXTENSION = xctest;
			};
			name = Release;
		};
/* End XCBuildConfiguration section */

/* Begin XCConfigurationList section */
		3BE78AB7197DA99600617F1E /* Build configuration list for PBXProject "Multiply" */ = {
			isa = XCConfigurationList;
			buildConfigurations = (
				3BE78AEC197DA99600617F1E /* Debug */,
				3BE78AED197DA99600617F1E /* Release */,
			);
			defaultConfigurationIsVisible = 0;
			defaultConfigurationName = Release;
		};
		3BE78AEE197DA99600617F1E /* Build configuration list for PBXNativeTarget "Multiply" */ = {
			isa = XCConfigurationList;
			buildConfigurations = (
				3BE78AEF197DA99600617F1E /* Debug */,
				3BE78AF0197DA99600617F1E /* Release */,
			);
			defaultConfigurationIsVisible = 0;
		};
		3BE78AF1197DA99600617F1E /* Build configuration list for PBXNativeTarget "MultiplyTests" */ = {
			isa = XCConfigurationList;
			buildConfigurations = (
				3BE78AF2197DA99600617F1E /* Debug */,
				3BE78AF3197DA99600617F1E /* Release */,
			);
			defaultConfigurationIsVisible = 0;
		};
/* End XCConfigurationList section */
	};
	rootObject = 3BE78AB4197DA99600617F1E /* Project object */;
}
